
Microsoft Visual Studio Solution File, Format Version 12.00
# Visual Studio Version 17
VisualStudioVersion = 17.9.34728.123
MinimumVisualStudioVersion = 10.0.40219.1
Project("{FAE04EC0-301F-11D3-BF4B-00C04F79EFBC}") = "FlightReservationSystem", "FlightReservationSystem.csproj", "{663A64EB-8A72-4F88-BFF4-46228E13FCC1}"
EndProject
Global
	GlobalSection(SolutionConfigurationPlatforms) = preSolution
		Debug|Any CPU = Debug|Any CPU
		Release|Any CPU = Release|Any CPU
	EndGlobalSection
	GlobalSection(ProjectConfigurationPlatforms) = postSolution
		{663A64EB-8A72-4F88-BFF4-46228E13FCC1}.Debug|Any CPU.ActiveCfg = Debug|Any CPU
		{663A64EB-8A72-4F88-BFF4-46228E13FCC1}.Debug|Any CPU.Build.0 = Debug|Any CPU
		{663A64EB-8A72-4F88-BFF4-46228E13FCC1}.Release|Any CPU.ActiveCfg = Release|Any CPU
		{663A64EB-8A72-4F88-BFF4-46228E13FCC1}.Release|Any CPU.Build.0 = Release|Any CPU
	EndGlobalSection
	GlobalSection(SolutionProperties) = preSolution
		HideSolutionNode = FALSE
	EndGlobalSection
	GlobalSection(ExtensibilityGlobals) = postSolution
		SolutionGuid = {96552086-DA42-412B-8CB8-89CF37ADE219}
	EndGlobalSection
EndGlobal
